{
    "_readme": [
        "This file locks the dependencies of your project to a known state",
        "Read more about it at https://getcomposer.org/doc/01-basic-usage.md#installing-dependencies",
        "This file is @generated automatically"
    ],
    "content-hash": "6eba7546d5d2747cab42e0689030bc28",
    "packages": [
        {
            "name": "bentools/cartesian-product",
            "version": "1.3",
            "source": {
                "type": "git",
                "url": "https://github.com/bpolaszek/cartesian-product.git",
                "reference": "3bdbaaae7d62b451163d2f5576e15f0cb4159323"
            },
            "dist": {
                "type": "zip",
                "url": "https://api.github.com/repos/bpolaszek/cartesian-product/zipball/3bdbaaae7d62b451163d2f5576e15f0cb4159323",
                "reference": "3bdbaaae7d62b451163d2f5576e15f0cb4159323",
                "shasum": ""
            },
            "require": {
                "php": ">=5.6"
            },
            "require-dev": {
                "php-coveralls/php-coveralls": "@stable",
                "phpunit/phpunit": "^5.0|^6.0",
                "squizlabs/php_codesniffer": "@stable",
                "symfony/var-dumper": "^3.2|^4.0"
            },
            "type": "library",
            "autoload": {
                "psr-4": {
                    "BenTools\\CartesianProduct\\": "src"
                },
                "files": [
                    "src/function.php"
                ]
            },
            "notification-url": "https://packagist.org/downloads/",
            "license": [
                "MIT"
            ],
            "description": "A simple, low-memory footprint function to generate all combinations from a multi-dimensionnal array.",
            "time": "2019-03-26T09:57:39+00:00"
        }
    ],
    "packages-dev": [],
    "aliases": [],
    "minimum-stability": "stable",
    "stability-flags": [],
    "prefer-stable": false,
    "prefer-lowest": false,
    "platform": [],
    "platform-dev": [],
    "plugin-api-version": "1.1.0"
}
